
Microsoft Visual Studio Solution File, Format Version 12.00
# Visual Studio Version 17
VisualStudioVersion = 17.7.34031.279
MinimumVisualStudioVersion = 10.0.40219.1
Project("{FAE04EC0-301F-11D3-BF4B-00C04F79EFBC}") = "mbrc-plugin", "plugin\mbrc-plugin.csproj", "{F5D46BA1-6F21-40EF-9695-46105CCACD08}"
EndProject
Project("{FAE04EC0-301F-11D3-BF4B-00C04F79EFBC}") = "firewall-utility", "firewall-utility\firewall-utility.csproj", "{48E9B838-6430-459B-9B44-D1E3548DF393}"
EndProject
Global
	GlobalSection(SolutionConfigurationPlatforms) = preSolution
		Debug|Any CPU = Debug|Any CPU
		Release|Any CPU = Release|Any CPU
	EndGlobalSection
	GlobalSection(ProjectConfigurationPlatforms) = postSolution
		{F5D46BA1-6F21-40EF-9695-46105CCACD08}.Debug|Any CPU.ActiveCfg = Debug|Any CPU
		{F5D46BA1-6F21-40EF-9695-46105CCACD08}.Debug|Any CPU.Build.0 = Debug|Any CPU
		{F5D46BA1-6F21-40EF-9695-46105CCACD08}.Release|Any CPU.ActiveCfg = Release|Any CPU
		{F5D46BA1-6F21-40EF-9695-46105CCACD08}.Release|Any CPU.Build.0 = Release|Any CPU
		{48E9B838-6430-459B-9B44-D1E3548DF393}.Debug|Any CPU.ActiveCfg = Debug|Any CPU
		{48E9B838-6430-459B-9B44-D1E3548DF393}.Debug|Any CPU.Build.0 = Debug|Any CPU
		{48E9B838-6430-459B-9B44-D1E3548DF393}.Release|Any CPU.ActiveCfg = Release|Any CPU
		{48E9B838-6430-459B-9B44-D1E3548DF393}.Release|Any CPU.Build.0 = Release|Any CPU
	EndGlobalSection
	GlobalSection(SolutionProperties) = preSolution
		HideSolutionNode = FALSE
	EndGlobalSection
	GlobalSection(ExtensibilityGlobals) = postSolution
		SolutionGuid = {B3E361C2-94CF-4307-A560-AE980DE1C98A}
	EndGlobalSection
EndGlobal
