{
  "version": 2,
  "dependencies": {
    "net8.0": {
      "AsyncFixer": {
        "type": "Direct",
        "requested": "[1.6.0, )",
        "resolved": "1.6.0",
        "contentHash": "/Xfs9H3UMfEv64cwT+C/JrTRp4w08BmPuFbj0ageadCHpx6rxYJxAU2C6sEqRFG22xmGk5cX9ewzoiiehWVHOw=="
      },
      "Avalonia": {
        "type": "Direct",
        "requested": "[11.2.3, )",
        "resolved": "11.2.3",
        "contentHash": "pD6woFAUfGcyEvMmrpctntU4jv4fT8752pfx1J5iRORVX3Ob0oQi8PWo0TXVaAJZiSfH0cdKTeKx0w0DzD0/mg==",
        "dependencies": {
          "Avalonia.BuildServices": "0.0.29",
          "Avalonia.Remote.Protocol": "11.2.3",
          "MicroCom.Runtime": "0.11.0"
        }
      },
      "Avalonia.Controls.DataGrid": {
        "type": "Direct",
        "requested": "[11.2.3, )",
        "resolved": "11.2.3",
        "contentHash": "Ul6oWEoqs4eTQZIb4Hzf0+ajhgrCX9ypOj8TahKbkKoIznJkUoka3iV90Vpj/AuoT5AZsN6f+1+62SVPpeMApA==",
        "dependencies": {
          "Avalonia": "11.2.3",
          "Avalonia.Remote.Protocol": "11.2.3"
        }
      },
      "Avalonia.Desktop": {
        "type": "Direct",
        "requested": "[11.2.3, )",
        "resolved": "11.2.3",
        "contentHash": "dX3zfgWplLqcgwQJLeC2ciqxE/GM3iw9HUNI22c8KgAAWMWl52NWCmjW228EPZG+4YbHwq8T40YARO2aQF+yqA==",
        "dependencies": {
          "Avalonia": "11.2.3",
          "Avalonia.Native": "11.2.3",
          "Avalonia.Skia": "11.2.3",
          "Avalonia.Win32": "11.2.3",
          "Avalonia.X11": "11.2.3"
        }
      },
      "Avalonia.Diagnostics": {
        "type": "Direct",
        "requested": "[11.2.3, )",
        "resolved": "11.2.3",
        "contentHash": "Qld0UvkSLfIuZD7/gS8RIO6ww3jP+xJvsMyqU8evdphPoic7h6LAeY/ppT9NtI0r1KUDT2BpFcVDqPyQH6eSiw==",
        "dependencies": {
          "Avalonia": "11.2.3",
          "Avalonia.Controls.ColorPicker": "11.2.3",
          "Avalonia.Controls.DataGrid": "11.2.3",
          "Avalonia.Themes.Simple": "11.2.3"
        }
      },
      "Avalonia.Fonts.Inter": {
        "type": "Direct",
        "requested": "[11.2.3, )",
        "resolved": "11.2.3",
        "contentHash": "ConIy0i4S5xuWwYMihJt+0VVIFS1NqXtMzG7XYFO/L786P9qXlQBnHHuLt4kdw5kvJtZEhgii9E+/W7b35wtoQ==",
        "dependencies": {
          "Avalonia": "11.2.3"
        }
      },
      "Avalonia.Themes.Fluent": {
        "type": "Direct",
        "requested": "[11.2.3, )",
        "resolved": "11.2.3",
        "contentHash": "gPJWBWaeocvRhSrB977xsfH0Ame14PxRMIgEfezi2bTjNJ43JWzJtALgDfDZYMpZPDdeWU/mwDigR/kD+rJtlw==",
        "dependencies": {
          "Avalonia": "11.2.3"
        }
      },
      "CommunityToolkit.Mvvm": {
        "type": "Direct",
        "requested": "[8.3.2, )",
        "resolved": "8.3.2",
        "contentHash": "m8EolE1A0Updj68WTsZSGI6VWb6mUqHPh7QFo0kt7+JPhYMNXRS1ch8TS/oITAdcxTLrwMOp3ku1KjeG1/Zdpg=="
      },
      "Microsoft.CodeAnalysis.BannedApiAnalyzers": {
        "type": "Direct",
        "requested": "[3.3.4, )",
        "resolved": "3.3.4",
        "contentHash": "0k2Jwpc8eq0hjOtX6TxRkHm9clkJ2PAQ3heEHgqIJZcsfdFosC/iyz18nsgTVDDWpID80rC7aiYK7ripx+Qndg=="
      },
      "Newtonsoft.Json": {
        "type": "Direct",
        "requested": "[13.0.3, )",
        "resolved": "13.0.3",
        "contentHash": "HrC5BXdl00IP9zeV+0Z848QWPAoCr9P3bDEZguI+gkLcBKAOxix/tLEAAHC+UvDNPv4a2d18lOReHMOagPa+zQ=="
      },
      "SkiaSharp": {
        "type": "Direct",
        "requested": "[2.88.9, )",
        "resolved": "2.88.9",
        "contentHash": "3MD5VHjXXieSHCleRLuaTXmL2pD0mB7CcOB1x2kA1I4bhptf4e3R27iM93264ZYuAq6mkUyX5XbcxnZvMJYc1Q==",
        "dependencies": {
          "SkiaSharp.NativeAssets.Win32": "2.88.9",
          "SkiaSharp.NativeAssets.macOS": "2.88.9"
        }
      },
      "Avalonia.Angle.Windows.Natives": {
        "type": "Transitive",
        "resolved": "2.1.22045.20230930",
        "contentHash": "Bo3qOhKC1b84BIhiogndMdAzB3UrrESKK7hS769f5HWeoMw/pcd42US5KFYW2JJ4ZSTrXnP8mXwLTMzh+S+9Lg=="
      },
      "Avalonia.BuildServices": {
        "type": "Transitive",
        "resolved": "0.0.29",
        "contentHash": "U4eJLQdoDNHXtEba7MZUCwrBErBTxFp6sUewXBOdAhU0Kwzwaa/EKFcYm8kpcysjzKtfB4S0S9n0uxKZFz/ikw=="
      },
      "Avalonia.Controls.ColorPicker": {
        "type": "Transitive",
        "resolved": "11.2.3",
        "contentHash": "JpK84GN+CkS5H0L/mDyYa4aMAJw93dukedKK1xC4g/J5NmwQ23qFPQNqZlTs+6f9nULwJPL+jiffJpSyGMt0gg==",
        "dependencies": {
          "Avalonia": "11.2.3",
          "Avalonia.Remote.Protocol": "11.2.3"
        }
      },
      "Avalonia.FreeDesktop": {
        "type": "Transitive",
        "resolved": "11.2.3",
        "contentHash": "BOivcAE3yYFKyYg5CztnTeIFX7ZHNaFiMrQ9WO4MgKyMwbPdH6jy6Mpfu+LY5FiYpleZdmXLJXZzzPon52DUVg==",
        "dependencies": {
          "Avalonia": "11.2.3",
          "Tmds.DBus.Protocol": "0.20.0"
        }
      },
      "Avalonia.Native": {
        "type": "Transitive",
        "resolved": "11.2.3",
        "contentHash": "yW9IGfa7kBuEcYP4ni7nGYNI2HjqaBg+cPJXZeiXf8RFptmluMv75hMyyq8FYIZwVcZIEcwEgff81a7b4aNTVQ==",
        "dependencies": {
          "Avalonia": "11.2.3"
        }
      },
      "Avalonia.Remote.Protocol": {
        "type": "Transitive",
        "resolved": "11.2.3",
        "contentHash": "6V0aNtld48WmO8tAlWwlRlUmXYcOWv+1eJUSl1ETF+1blUe5yhcSmuWarPprO0hDk8Ta6wGfdfcrnVl2gITYcA=="
      },
      "Avalonia.Skia": {
        "type": "Transitive",
        "resolved": "11.2.3",
        "contentHash": "jpzqkkmhzz6DSUy5dIw5T43MoHCdb05pmTvnsmHrbipA8mafI8RrO7tVnv1+ilFNV4516G9/kOpXjTLKjnnYrA==",
        "dependencies": {
          "Avalonia": "11.2.3",
          "HarfBuzzSharp": "7.3.0.3",
          "HarfBuzzSharp.NativeAssets.Linux": "7.3.0.3",
          "HarfBuzzSharp.NativeAssets.WebAssembly": "7.3.0.3",
          "SkiaSharp": "2.88.9",
          "SkiaSharp.NativeAssets.Linux": "2.88.9",
          "SkiaSharp.NativeAssets.WebAssembly": "2.88.9"
        }
      },
      "Avalonia.Themes.Simple": {
        "type": "Transitive",
        "resolved": "11.2.3",
        "contentHash": "Okio7RYUHUk1m/1n6VGrkoq0C3Y3J6RwtrTGEfXPkYMJsL6yPqstJZMYkMFQPISUr8TYUNVKv82hL1qLRw7hwA==",
        "dependencies": {
          "Avalonia": "11.2.3"
        }
      },
      "Avalonia.Win32": {
        "type": "Transitive",
        "resolved": "11.2.3",
        "contentHash": "VwdaOHvIowTSM2umeXOFIoUx4UydCXkXracwLQZaMlsWXCTJ+WwtlAIv0ZBCwQccAK+WELrdRXucvWWN8+sJCQ==",
        "dependencies": {
          "Avalonia": "11.2.3",
          "Avalonia.Angle.Windows.Natives": "2.1.22045.20230930"
        }
      },
      "Avalonia.X11": {
        "type": "Transitive",
        "resolved": "11.2.3",
        "contentHash": "0mr3zu5NEv2cTLsANyc3w51ctiLTWQia6TrlDdWCjfMx2k0VtCzgGBieByPgUl4iNWEDzgBEKek1EwJcGdJ+7g==",
        "dependencies": {
          "Avalonia": "11.2.3",
          "Avalonia.FreeDesktop": "11.2.3",
          "Avalonia.Skia": "11.2.3"
        }
      },
      "HarfBuzzSharp": {
        "type": "Transitive",
        "resolved": "7.3.0.3",
        "contentHash": "Hq+5+gx10coOvuRgB13KBwiWxJq1QeYuhtVLbA01ZCWaugOnolUahF44KvrQTUUHDNk/C7HB6SMaebsZeOdhgg==",
        "dependencies": {
          "HarfBuzzSharp.NativeAssets.Win32": "7.3.0.3",
          "HarfBuzzSharp.NativeAssets.macOS": "7.3.0.3"
        }
      },
      "HarfBuzzSharp.NativeAssets.Linux": {
        "type": "Transitive",
        "resolved": "7.3.0.3",
        "contentHash": "hkcHeTfOyIeJuPtO/QfoqkDvV/MXebZYaA/Bn/S+nXsjH3Wt9oQ6okH2kklYO+1UUdBSJFd67bi9IrpQXI2mPw==",
        "dependencies": {
          "HarfBuzzSharp": "7.3.0.3"
        }
      },
      "HarfBuzzSharp.NativeAssets.macOS": {
        "type": "Transitive",
        "resolved": "7.3.0.3",
        "contentHash": "UAwIYnkbBTzBJv1Id8FijY/i8QiIepRemSXufU8fyzwWhYJdx4+ajG8yQUie5HW/uusbVLFSr26muSlJOFDgSw=="
      },
      "HarfBuzzSharp.NativeAssets.WebAssembly": {
        "type": "Transitive",
        "resolved": "7.3.0.3",
        "contentHash": "OpheDNp9a3nC6hWNACemWkNEXJ4tWP3Gw9bykw3FbyeEmU2nUDtLIp6VgNnjHAPRMgUs1Kl7m4gJpzVYwC7CZw=="
      },
      "HarfBuzzSharp.NativeAssets.Win32": {
        "type": "Transitive",
        "resolved": "7.3.0.3",
        "contentHash": "RPxRXD16KtSs8Yxr2RK9Qs7AwyN9MlpqZIYs0AvfaJwl7RAtVhC0+u2f2SKwX0uMYYd3O98Z+OBA1sj6aWVKQA=="
      },
      "MicroCom.Runtime": {
        "type": "Transitive",
        "resolved": "0.11.0",
        "contentHash": "MEnrZ3UIiH40hjzMDsxrTyi8dtqB5ziv3iBeeU4bXsL/7NLSal9F1lZKpK+tfBRnUoDSdtcW3KufE4yhATOMCA=="
      },
      "SkiaSharp.NativeAssets.Linux": {
        "type": "Transitive",
        "resolved": "2.88.9",
        "contentHash": "cWSaJKVPWAaT/WIn9c8T5uT/l4ETwHxNJTkEOtNKjphNo8AW6TF9O32aRkxqw3l8GUdUo66Bu7EiqtFh/XG0Zg==",
        "dependencies": {
          "SkiaSharp": "2.88.9"
        }
      },
      "SkiaSharp.NativeAssets.macOS": {
        "type": "Transitive",
        "resolved": "2.88.9",
        "contentHash": "Nv5spmKc4505Ep7oUoJ5vp3KweFpeNqxpyGDWyeEPTX2uR6S6syXIm3gj75dM0YJz7NPvcix48mR5laqs8dPuA=="
      },
      "SkiaSharp.NativeAssets.WebAssembly": {
        "type": "Transitive",
        "resolved": "2.88.9",
        "contentHash": "kt06RccBHSnAs2wDYdBSfsjIDbY3EpsOVqnlDgKdgvyuRA8ZFDaHRdWNx1VHjGgYzmnFCGiTJBnXFl5BqGwGnA=="
      },
      "SkiaSharp.NativeAssets.Win32": {
        "type": "Transitive",
        "resolved": "2.88.9",
        "contentHash": "wb2kYgU7iy84nQLYZwMeJXixvK++GoIuECjU4ECaUKNuflyRlJKyiRhN1MAHswvlvzuvkrjRWlK0Za6+kYQK7w=="
      },
      "System.IO.Pipelines": {
        "type": "Transitive",
        "resolved": "8.0.0",
        "contentHash": "FHNOatmUq0sqJOkTx+UF/9YK1f180cnW5FVqnQMvYUN0elp6wFzbtPSiqbo1/ru8ICp43JM1i7kKkk6GsNGHlA=="
      },
      "Tmds.DBus.Protocol": {
        "type": "Transitive",
        "resolved": "0.20.0",
        "contentHash": "2gkt2kuYPhDKd8gtl34jZSJOnn4nRJfFngCDcTZT/uySbK++ua0YQx2418l9Rn1Y4dE5XNq6zG9ZsE5ltLlNNw==",
        "dependencies": {
          "System.IO.Pipelines": "8.0.0"
        }
      }
    }
  }
}